
Microsoft Visual Studio Solution File, Format Version 12.00
# Visual Studio Version 17
VisualStudioVersion = 17.14.36401.2 d17.14
MinimumVisualStudioVersion = 10.0.40219.1
Project("{FAE04EC0-301F-11D3-BF4B-00C04F79EFBC}") = "SmscServer", "SmscServer\SmscServer.csproj", "{9092F527-95B4-4835-AA49-6C13FE94E857}"
EndProject
Global
	GlobalSection(SolutionConfigurationPlatforms) = preSolution
		Debug|Any CPU = Debug|Any CPU
		Release|Any CPU = Release|Any CPU
	EndGlobalSection
	GlobalSection(ProjectConfigurationPlatforms) = postSolution
		{9092F527-95B4-4835-AA49-6C13FE94E857}.Debug|Any CPU.ActiveCfg = Debug|Any CPU
		{9092F527-95B4-4835-AA49-6C13FE94E857}.Debug|Any CPU.Build.0 = Debug|Any CPU
		{9092F527-95B4-4835-AA49-6C13FE94E857}.Release|Any CPU.ActiveCfg = Release|Any CPU
		{9092F527-95B4-4835-AA49-6C13FE94E857}.Release|Any CPU.Build.0 = Release|Any CPU
	EndGlobalSection
	GlobalSection(SolutionProperties) = preSolution
		HideSolutionNode = FALSE
	EndGlobalSection
	GlobalSection(ExtensibilityGlobals) = postSolution
		SolutionGuid = {2E3845AA-1606-4915-B708-83E2157CEF9D}
	EndGlobalSection
EndGlobal
