
Microsoft Visual Studio Solution File, Format Version 12.00
# Visual Studio Version 17
VisualStudioVersion = 17.14.36401.2 d17.14
MinimumVisualStudioVersion = 10.0.40219.1
Project("{FAE04EC0-301F-11D3-BF4B-00C04F79EFBC}") = "ReceiverMicroservice", "ReceiverMicroservice.csproj", "{F36D321A-0168-1099-067F-3AAFB5D9E4A4}"
EndProject
Global
	GlobalSection(SolutionConfigurationPlatforms) = preSolution
		Debug|Any CPU = Debug|Any CPU
		Release|Any CPU = Release|Any CPU
	EndGlobalSection
	GlobalSection(ProjectConfigurationPlatforms) = postSolution
		{F36D321A-0168-1099-067F-3AAFB5D9E4A4}.Debug|Any CPU.ActiveCfg = Debug|Any CPU
		{F36D321A-0168-1099-067F-3AAFB5D9E4A4}.Debug|Any CPU.Build.0 = Debug|Any CPU
		{F36D321A-0168-1099-067F-3AAFB5D9E4A4}.Release|Any CPU.ActiveCfg = Release|Any CPU
		{F36D321A-0168-1099-067F-3AAFB5D9E4A4}.Release|Any CPU.Build.0 = Release|Any CPU
	EndGlobalSection
	GlobalSection(SolutionProperties) = preSolution
		HideSolutionNode = FALSE
	EndGlobalSection
	GlobalSection(ExtensibilityGlobals) = postSolution
		SolutionGuid = {BEBC59F5-7209-4323-B7BC-630BAB807F6E}
	EndGlobalSection
EndGlobal
